
Microsoft Visual Studio Solution File, Format Version 12.00
# Visual Studio Version 16
VisualStudioVersion = 16.0.29920.165
MinimumVisualStudioVersion = 10.0.40219.1
Project("{FAE04EC0-301F-11D3-BF4B-00C04F79EFBC}") = "Module3DefiniteWhileLoopDemo", "Module3WhileLoopDemo\Module3DefiniteWhileLoopDemo.csproj", "{BC1D07B0-A441-425D-8B2D-F4E2128DC513}"
EndProject
Global
	GlobalSection(SolutionConfigurationPlatforms) = preSolution
		Debug|Any CPU = Debug|Any CPU
		Release|Any CPU = Release|Any CPU
	EndGlobalSection
	GlobalSection(ProjectConfigurationPlatforms) = postSolution
		{BC1D07B0-A441-425D-8B2D-F4E2128DC513}.Debug|Any CPU.ActiveCfg = Debug|Any CPU
		{BC1D07B0-A441-425D-8B2D-F4E2128DC513}.Debug|Any CPU.Build.0 = Debug|Any CPU
		{BC1D07B0-A441-425D-8B2D-F4E2128DC513}.Release|Any CPU.ActiveCfg = Release|Any CPU
		{BC1D07B0-A441-425D-8B2D-F4E2128DC513}.Release|Any CPU.Build.0 = Release|Any CPU
	EndGlobalSection
	GlobalSection(SolutionProperties) = preSolution
		HideSolutionNode = FALSE
	EndGlobalSection
	GlobalSection(ExtensibilityGlobals) = postSolution
		SolutionGuid = {54906D25-6069-4FE4-AACF-501767AD5F6F}
	EndGlobalSection
EndGlobal
